
Microsoft Visual Studio Solution File, Format Version 12.00
# Visual Studio 15
VisualStudioVersion = 15.0.28307.102
MinimumVisualStudioVersion = 10.0.40219.1
Project("{FAE04EC0-301F-11D3-BF4B-00C04F79EFBC}") = "blackjack_WebAPI", "blackjack_WebAPI\blackjack_WebAPI.csproj", "{DF7D42C4-5E2F-4E24-88DC-95F08C89E751}"
EndProject
Global
	GlobalSection(SolutionConfigurationPlatforms) = preSolution
		Debug|Any CPU = Debug|Any CPU
		Release|Any CPU = Release|Any CPU
	EndGlobalSection
	GlobalSection(ProjectConfigurationPlatforms) = postSolution
		{DF7D42C4-5E2F-4E24-88DC-95F08C89E751}.Debug|Any CPU.ActiveCfg = Debug|Any CPU
		{DF7D42C4-5E2F-4E24-88DC-95F08C89E751}.Debug|Any CPU.Build.0 = Debug|Any CPU
		{DF7D42C4-5E2F-4E24-88DC-95F08C89E751}.Release|Any CPU.ActiveCfg = Release|Any CPU
		{DF7D42C4-5E2F-4E24-88DC-95F08C89E751}.Release|Any CPU.Build.0 = Release|Any CPU
	EndGlobalSection
	GlobalSection(SolutionProperties) = preSolution
		HideSolutionNode = FALSE
	EndGlobalSection
	GlobalSection(ExtensibilityGlobals) = postSolution
		SolutionGuid = {5F71B557-643E-4F27-B29E-4A0A500AB627}
	EndGlobalSection
EndGlobal
